{
  "version": 4,
  "terraform_version": "1.0.1",
  "serial": 1,
  "lineage": "f96afd37-d65a-bf6c-c626-49b33ef45f10",
  "outputs": {},
  "resources": [
    {
      "mode": "managed",
      "type": "saviynt_ad_connection_resource",
      "name": "sample",
      "provider": "provider[\"registry.terraform.io/local/saviynt\"]",
      "instances": [
        {
          "schema_version": 0,
          "attributes": {
            "account_attribute": null,
            "account_name_rule": null,
            "advance_filter_json": null,
            "advsearch": null,
            "base": "ou=users,dc=example,dc=com",
            "check_for_unique": null,
            "config_json": null,
            "connection_key": 216,
            "connection_name": "YOUR_CONNECTION_NAME",
            "connection_type": "AD",
            "create_account_json": null,
            "create_org_json": null,
            "create_update_mappings": null,
            "dc_locator": null,
            "default_user_role": null,
            "defaultsavroles": null,
            "description": null,
            "disable_account_json": null,
            "email_template": null,
            "enable_account_json": null,
            "endpoints_filter": null,
            "enforce_tree_deletion": null,
            "entitlement_attribute": null,
            "error_code": "0",
            "filter": null,
            "group_import_mapping": null,
            "group_search_base_dn": null,
            "id": "216",
            "import_json": null,
            "incremental_config": null,
            "ldap_or_ad": "AD",
            "max_changenumber": null,
            "modify_user_data_json": null,
            "msg": "Connection Failed",
            "objectfilter": null,
            "org_base": null,
            "organization_attribute": null,
            "page_size": null,
            "pam_config": null,
            "password": "test@123",
            "password_max_length": null,
            "password_min_length": null,
            "password_noofcapsalpha": null,
            "password_noofdigits": null,
            "password_noofsplchars": null,
            "read_operational_attributes": null,
            "remove_account_action": null,
            "reset_and_change_passwrd_json": null,
            "reuse_account_json": null,
            "reuse_inactive_account": null,
            "save_connection": null,
            "save_in_vault": null,
            "searchfilter": null,
            "set_random_password": null,
            "setdefaultpagesize": null,
            "status_key_json": null,
            "status_threshold_config": null,
            "support_empty_string": null,
            "system_name": null,
            "unlock_account_json": null,
            "update_account_json": null,
            "update_org_json": null,
            "update_user_json": null,
            "url": "ldaps://127.0.0.1:363",
            "user_attribute": null,
            "username": "testadmin",
            "vault_configuration": null,
            "vault_connection": null
          },
          "sensitive_attributes": []
        }
      ]
    }
  ]
}
